
Microsoft Visual Studio Solution File, Format Version 12.00
# Visual Studio Version 17
VisualStudioVersion = 17.8.34322.80
MinimumVisualStudioVersion = 10.0.40219.1
Project("{FAE04EC0-301F-11D3-BF4B-00C04F79EFBC}") = "TreeDSA", "TreeDSA\TreeDSA.csproj", "{D78BF25B-9201-4EDE-B4F3-362417ED88D7}"
EndProject
Global
	GlobalSection(SolutionConfigurationPlatforms) = preSolution
		Debug|Any CPU = Debug|Any CPU
		Release|Any CPU = Release|Any CPU
	EndGlobalSection
	GlobalSection(ProjectConfigurationPlatforms) = postSolution
		{D78BF25B-9201-4EDE-B4F3-362417ED88D7}.Debug|Any CPU.ActiveCfg = Debug|Any CPU
		{D78BF25B-9201-4EDE-B4F3-362417ED88D7}.Debug|Any CPU.Build.0 = Debug|Any CPU
		{D78BF25B-9201-4EDE-B4F3-362417ED88D7}.Release|Any CPU.ActiveCfg = Release|Any CPU
		{D78BF25B-9201-4EDE-B4F3-362417ED88D7}.Release|Any CPU.Build.0 = Release|Any CPU
	EndGlobalSection
	GlobalSection(SolutionProperties) = preSolution
		HideSolutionNode = FALSE
	EndGlobalSection
	GlobalSection(ExtensibilityGlobals) = postSolution
		SolutionGuid = {C5F7A77A-0403-4325-9F55-6553086DD4BD}
	EndGlobalSection
EndGlobal
